Microsoft Visual Studio Solution File, Format Version 12.00
# Visual Studio 14
VisualStudioVersion = 14.0.24720.0
MinimumVisualStudioVersion = 10.0.40219.1
Project("{FAE04EC0-301F-11D3-BF4B-00C04F79EFBC}") = "PluginLoader", "PluginLoader\PluginLoader.csproj", "{2E9EFFF4-C58F-4A7B-ABE6-390D98FC3144}"
EndProject
Project("{FAE04EC0-301F-11D3-BF4B-00C04F79EFBC}") = "PatcherGUI", "PatcherGUI\PatcherGUI.csproj", "{A5A8E8AF-4E67-4B69-83A1-6144D0A0E401}"
	ProjectSection(ProjectDependencies) = postProject
		{2E9EFFF4-C58F-4A7B-ABE6-390D98FC3144} = {2E9EFFF4-C58F-4A7B-ABE6-390D98FC3144}
	EndProjectSection
EndProject
Project("{FAE04EC0-301F-11D3-BF4B-00C04F79EFBC}") = "Patcher", "Patcher\Patcher.csproj", "{913CC3D4-A9C8-4FC6-878F-23B21900E699}"
	ProjectSection(ProjectDependencies) = postProject
		{2E9EFFF4-C58F-4A7B-ABE6-390D98FC3144} = {2E9EFFF4-C58F-4A7B-ABE6-390D98FC3144}
	EndProjectSection
EndProject
Global
	GlobalSection(SolutionConfigurationPlatforms) = preSolution
		Debug|Any CPU = Debug|Any CPU
		Release|Any CPU = Release|Any CPU
	EndGlobalSection
	GlobalSection(ProjectConfigurationPlatforms) = postSolution
		{2E9EFFF4-C58F-4A7B-ABE6-390D98FC3144}.Debug|Any CPU.ActiveCfg = Debug|Any CPU
		{2E9EFFF4-C58F-4A7B-ABE6-390D98FC3144}.Debug|Any CPU.Build.0 = Debug|Any CPU
		{2E9EFFF4-C58F-4A7B-ABE6-390D98FC3144}.Release|Any CPU.ActiveCfg = Release|Any CPU
		{2E9EFFF4-C58F-4A7B-ABE6-390D98FC3144}.Release|Any CPU.Build.0 = Release|Any CPU
		{A5A8E8AF-4E67-4B69-83A1-6144D0A0E401}.Debug|Any CPU.ActiveCfg = Debug|Any CPU
		{A5A8E8AF-4E67-4B69-83A1-6144D0A0E401}.Debug|Any CPU.Build.0 = Debug|Any CPU
		{A5A8E8AF-4E67-4B69-83A1-6144D0A0E401}.Release|Any CPU.ActiveCfg = Release|Any CPU
		{A5A8E8AF-4E67-4B69-83A1-6144D0A0E401}.Release|Any CPU.Build.0 = Release|Any CPU
		{913CC3D4-A9C8-4FC6-878F-23B21900E699}.Debug|Any CPU.ActiveCfg = Debug|Any CPU
		{913CC3D4-A9C8-4FC6-878F-23B21900E699}.Debug|Any CPU.Build.0 = Debug|Any CPU
		{913CC3D4-A9C8-4FC6-878F-23B21900E699}.Release|Any CPU.ActiveCfg = Release|Any CPU
		{913CC3D4-A9C8-4FC6-878F-23B21900E699}.Release|Any CPU.Build.0 = Release|Any CPU
	EndGlobalSection
	GlobalSection(SolutionProperties) = preSolution
		HideSolutionNode = FALSE
	EndGlobalSection
EndGlobal
